
Microsoft Visual Studio Solution File, Format Version 12.00
# Visual Studio 2012
Project("{FAE04EC0-301F-11D3-BF4B-00C04F79EFBC}") = "CodeTronEditor.Applications", "CodeTronEditor.Applications\CodeTronEditor.Applications.csproj", "{7C74B6C3-D73C-4E38-A6DE-27759017F394}"
EndProject
Project("{FAE04EC0-301F-11D3-BF4B-00C04F79EFBC}") = "CodeTronEditor.Presentation", "CodeTronEditor.Presentation\CodeTronEditor.Presentation.csproj", "{9BB898C4-A9DE-4304-9194-D6EF57140613}"
EndProject
Global
	GlobalSection(SolutionConfigurationPlatforms) = preSolution
		Debug|Any CPU = Debug|Any CPU
		Release|Any CPU = Release|Any CPU
	EndGlobalSection
	GlobalSection(ProjectConfigurationPlatforms) = postSolution
		{7C74B6C3-D73C-4E38-A6DE-27759017F394}.Debug|Any CPU.ActiveCfg = Debug|Any CPU
		{7C74B6C3-D73C-4E38-A6DE-27759017F394}.Debug|Any CPU.Build.0 = Debug|Any CPU
		{7C74B6C3-D73C-4E38-A6DE-27759017F394}.Release|Any CPU.ActiveCfg = Release|Any CPU
		{7C74B6C3-D73C-4E38-A6DE-27759017F394}.Release|Any CPU.Build.0 = Release|Any CPU
		{9BB898C4-A9DE-4304-9194-D6EF57140613}.Debug|Any CPU.ActiveCfg = Debug|Any CPU
		{9BB898C4-A9DE-4304-9194-D6EF57140613}.Debug|Any CPU.Build.0 = Debug|Any CPU
		{9BB898C4-A9DE-4304-9194-D6EF57140613}.Release|Any CPU.ActiveCfg = Release|Any CPU
		{9BB898C4-A9DE-4304-9194-D6EF57140613}.Release|Any CPU.Build.0 = Release|Any CPU
	EndGlobalSection
	GlobalSection(SolutionProperties) = preSolution
		HideSolutionNode = FALSE
	EndGlobalSection
EndGlobal
